
Microsoft Visual Studio Solution File, Format Version 12.00
# Visual Studio 15
Project("{FAE04EC0-301F-11D3-BF4B-00C04F79EFBC}") = "MonkeyConf.Android", "MonkeyConf.Android\MonkeyConf.Android.csproj", "{D69860C8-7918-4C61-BF63-992F6A54988D}"
EndProject
Project("{FAE04EC0-301F-11D3-BF4B-00C04F79EFBC}") = "MonkeyConf.iOS", "MonkeyConf.iOS\MonkeyConf.iOS.csproj", "{C7672170-1CC4-45E3-80D1-3374D4BA2B50}"
EndProject
Project("{FAE04EC0-301F-11D3-BF4B-00C04F79EFBC}") = "MonkeyConf", "MonkeyConf\MonkeyConf.csproj", "{C316B0E6-DECD-4676-8B67-CB7D74040E9A}"
EndProject
Global
	GlobalSection(SolutionConfigurationPlatforms) = preSolution
		Debug|Any CPU = Debug|Any CPU
		Release|Any CPU = Release|Any CPU
		Debug|iPhoneSimulator = Debug|iPhoneSimulator
		Release|iPhoneSimulator = Release|iPhoneSimulator
		Debug|iPhone = Debug|iPhone
		Release|iPhone = Release|iPhone
		Ad-Hoc|iPhone = Ad-Hoc|iPhone
		AppStore|iPhone = AppStore|iPhone
	EndGlobalSection
	GlobalSection(ProjectConfigurationPlatforms) = postSolution
		{D69860C8-7918-4C61-BF63-992F6A54988D}.Debug|Any CPU.ActiveCfg = Debug|Any CPU
		{D69860C8-7918-4C61-BF63-992F6A54988D}.Debug|Any CPU.Build.0 = Debug|Any CPU
		{D69860C8-7918-4C61-BF63-992F6A54988D}.Release|Any CPU.ActiveCfg = Release|Any CPU
		{D69860C8-7918-4C61-BF63-992F6A54988D}.Release|Any CPU.Build.0 = Release|Any CPU
		{D69860C8-7918-4C61-BF63-992F6A54988D}.Debug|iPhoneSimulator.ActiveCfg = Debug|Any CPU
		{D69860C8-7918-4C61-BF63-992F6A54988D}.Debug|iPhoneSimulator.Build.0 = Debug|Any CPU
		{D69860C8-7918-4C61-BF63-992F6A54988D}.Release|iPhoneSimulator.ActiveCfg = Release|Any CPU
		{D69860C8-7918-4C61-BF63-992F6A54988D}.Release|iPhoneSimulator.Build.0 = Release|Any CPU
		{D69860C8-7918-4C61-BF63-992F6A54988D}.Debug|iPhone.ActiveCfg = Debug|Any CPU
		{D69860C8-7918-4C61-BF63-992F6A54988D}.Debug|iPhone.Build.0 = Debug|Any CPU
		{D69860C8-7918-4C61-BF63-992F6A54988D}.Release|iPhone.ActiveCfg = Release|Any CPU
		{D69860C8-7918-4C61-BF63-992F6A54988D}.Release|iPhone.Build.0 = Release|Any CPU
		{D69860C8-7918-4C61-BF63-992F6A54988D}.Ad-Hoc|iPhone.ActiveCfg = Debug|Any CPU
		{D69860C8-7918-4C61-BF63-992F6A54988D}.Ad-Hoc|iPhone.Build.0 = Debug|Any CPU
		{D69860C8-7918-4C61-BF63-992F6A54988D}.AppStore|iPhone.ActiveCfg = Debug|Any CPU
		{D69860C8-7918-4C61-BF63-992F6A54988D}.AppStore|iPhone.Build.0 = Debug|Any CPU
		{C7672170-1CC4-45E3-80D1-3374D4BA2B50}.Debug|Any CPU.ActiveCfg = Debug|iPhoneSimulator
		{C7672170-1CC4-45E3-80D1-3374D4BA2B50}.Debug|Any CPU.Build.0 = Debug|iPhoneSimulator
		{C7672170-1CC4-45E3-80D1-3374D4BA2B50}.Release|Any CPU.ActiveCfg = Release|iPhoneSimulator
		{C7672170-1CC4-45E3-80D1-3374D4BA2B50}.Release|Any CPU.Build.0 = Release|iPhoneSimulator
		{C7672170-1CC4-45E3-80D1-3374D4BA2B50}.Debug|iPhoneSimulator.ActiveCfg = Debug|iPhoneSimulator
		{C7672170-1CC4-45E3-80D1-3374D4BA2B50}.Debug|iPhoneSimulator.Build.0 = Debug|iPhoneSimulator
		{C7672170-1CC4-45E3-80D1-3374D4BA2B50}.Release|iPhoneSimulator.ActiveCfg = Release|iPhoneSimulator
		{C7672170-1CC4-45E3-80D1-3374D4BA2B50}.Release|iPhoneSimulator.Build.0 = Release|iPhoneSimulator
		{C7672170-1CC4-45E3-80D1-3374D4BA2B50}.Debug|iPhone.ActiveCfg = Debug|iPhone
		{C7672170-1CC4-45E3-80D1-3374D4BA2B50}.Debug|iPhone.Build.0 = Debug|iPhone
		{C7672170-1CC4-45E3-80D1-3374D4BA2B50}.Release|iPhone.ActiveCfg = Release|iPhone
		{C7672170-1CC4-45E3-80D1-3374D4BA2B50}.Release|iPhone.Build.0 = Release|iPhone
		{C7672170-1CC4-45E3-80D1-3374D4BA2B50}.Ad-Hoc|iPhone.ActiveCfg = Ad-Hoc|iPhone
		{C7672170-1CC4-45E3-80D1-3374D4BA2B50}.Ad-Hoc|iPhone.Build.0 = Ad-Hoc|iPhone
		{C7672170-1CC4-45E3-80D1-3374D4BA2B50}.AppStore|iPhone.ActiveCfg = AppStore|iPhone
		{C7672170-1CC4-45E3-80D1-3374D4BA2B50}.AppStore|iPhone.Build.0 = AppStore|iPhone
		{C316B0E6-DECD-4676-8B67-CB7D74040E9A}.Debug|Any CPU.ActiveCfg = Debug|Any CPU
		{C316B0E6-DECD-4676-8B67-CB7D74040E9A}.Debug|Any CPU.Build.0 = Debug|Any CPU
		{C316B0E6-DECD-4676-8B67-CB7D74040E9A}.Release|Any CPU.ActiveCfg = Release|Any CPU
		{C316B0E6-DECD-4676-8B67-CB7D74040E9A}.Release|Any CPU.Build.0 = Release|Any CPU
		{C316B0E6-DECD-4676-8B67-CB7D74040E9A}.Debug|iPhoneSimulator.ActiveCfg = Debug|Any CPU
		{C316B0E6-DECD-4676-8B67-CB7D74040E9A}.Debug|iPhoneSimulator.Build.0 = Debug|Any CPU
		{C316B0E6-DECD-4676-8B67-CB7D74040E9A}.Release|iPhoneSimulator.ActiveCfg = Release|Any CPU
		{C316B0E6-DECD-4676-8B67-CB7D74040E9A}.Release|iPhoneSimulator.Build.0 = Release|Any CPU
		{C316B0E6-DECD-4676-8B67-CB7D74040E9A}.Debug|iPhone.ActiveCfg = Debug|Any CPU
		{C316B0E6-DECD-4676-8B67-CB7D74040E9A}.Debug|iPhone.Build.0 = Debug|Any CPU
		{C316B0E6-DECD-4676-8B67-CB7D74040E9A}.Release|iPhone.ActiveCfg = Release|Any CPU
		{C316B0E6-DECD-4676-8B67-CB7D74040E9A}.Release|iPhone.Build.0 = Release|Any CPU
		{C316B0E6-DECD-4676-8B67-CB7D74040E9A}.Ad-Hoc|iPhone.ActiveCfg = Debug|Any CPU
		{C316B0E6-DECD-4676-8B67-CB7D74040E9A}.Ad-Hoc|iPhone.Build.0 = Debug|Any CPU
		{C316B0E6-DECD-4676-8B67-CB7D74040E9A}.AppStore|iPhone.ActiveCfg = Debug|Any CPU
		{C316B0E6-DECD-4676-8B67-CB7D74040E9A}.AppStore|iPhone.Build.0 = Debug|Any CPU
	EndGlobalSection
EndGlobal
