
Microsoft Visual Studio Solution File, Format Version 12.00
# Visual Studio 15
Project("{FAE04EC0-301F-11D3-BF4B-00C04F79EFBC}") = "MonkeyConf2018.Android", "MonkeyConf2018.Android\MonkeyConf2018.Android.csproj", "{E49CEF55-09D9-46D0-A938-49A71C7B25BD}"
EndProject
Project("{FAE04EC0-301F-11D3-BF4B-00C04F79EFBC}") = "MonkeyConf2018.iOS", "MonkeyConf2018.iOS\MonkeyConf2018.iOS.csproj", "{4C3A14CD-A194-42EA-883E-83C024823FBE}"
EndProject
Project("{FAE04EC0-301F-11D3-BF4B-00C04F79EFBC}") = "MonkeyConf2018", "MonkeyConf2018\MonkeyConf2018.csproj", "{4B1B662A-EAE5-4496-A09E-CE3ADD0456E8}"
EndProject
Global
	GlobalSection(SolutionConfigurationPlatforms) = preSolution
		Debug|Any CPU = Debug|Any CPU
		Release|Any CPU = Release|Any CPU
		Debug|iPhoneSimulator = Debug|iPhoneSimulator
		Release|iPhoneSimulator = Release|iPhoneSimulator
		Debug|iPhone = Debug|iPhone
		Release|iPhone = Release|iPhone
		Ad-Hoc|iPhone = Ad-Hoc|iPhone
		AppStore|iPhone = AppStore|iPhone
	EndGlobalSection
	GlobalSection(ProjectConfigurationPlatforms) = postSolution
		{E49CEF55-09D9-46D0-A938-49A71C7B25BD}.Debug|Any CPU.ActiveCfg = Debug|Any CPU
		{E49CEF55-09D9-46D0-A938-49A71C7B25BD}.Debug|Any CPU.Build.0 = Debug|Any CPU
		{E49CEF55-09D9-46D0-A938-49A71C7B25BD}.Release|Any CPU.ActiveCfg = Release|Any CPU
		{E49CEF55-09D9-46D0-A938-49A71C7B25BD}.Release|Any CPU.Build.0 = Release|Any CPU
		{E49CEF55-09D9-46D0-A938-49A71C7B25BD}.Debug|iPhoneSimulator.ActiveCfg = Debug|Any CPU
		{E49CEF55-09D9-46D0-A938-49A71C7B25BD}.Debug|iPhoneSimulator.Build.0 = Debug|Any CPU
		{E49CEF55-09D9-46D0-A938-49A71C7B25BD}.Release|iPhoneSimulator.ActiveCfg = Release|Any CPU
		{E49CEF55-09D9-46D0-A938-49A71C7B25BD}.Release|iPhoneSimulator.Build.0 = Release|Any CPU
		{E49CEF55-09D9-46D0-A938-49A71C7B25BD}.Debug|iPhone.ActiveCfg = Debug|Any CPU
		{E49CEF55-09D9-46D0-A938-49A71C7B25BD}.Debug|iPhone.Build.0 = Debug|Any CPU
		{E49CEF55-09D9-46D0-A938-49A71C7B25BD}.Release|iPhone.ActiveCfg = Release|Any CPU
		{E49CEF55-09D9-46D0-A938-49A71C7B25BD}.Release|iPhone.Build.0 = Release|Any CPU
		{E49CEF55-09D9-46D0-A938-49A71C7B25BD}.Ad-Hoc|iPhone.ActiveCfg = Debug|Any CPU
		{E49CEF55-09D9-46D0-A938-49A71C7B25BD}.Ad-Hoc|iPhone.Build.0 = Debug|Any CPU
		{E49CEF55-09D9-46D0-A938-49A71C7B25BD}.AppStore|iPhone.ActiveCfg = Debug|Any CPU
		{E49CEF55-09D9-46D0-A938-49A71C7B25BD}.AppStore|iPhone.Build.0 = Debug|Any CPU
		{4C3A14CD-A194-42EA-883E-83C024823FBE}.Debug|Any CPU.ActiveCfg = Debug|iPhoneSimulator
		{4C3A14CD-A194-42EA-883E-83C024823FBE}.Debug|Any CPU.Build.0 = Debug|iPhoneSimulator
		{4C3A14CD-A194-42EA-883E-83C024823FBE}.Release|Any CPU.ActiveCfg = Release|iPhoneSimulator
		{4C3A14CD-A194-42EA-883E-83C024823FBE}.Release|Any CPU.Build.0 = Release|iPhoneSimulator
		{4C3A14CD-A194-42EA-883E-83C024823FBE}.Debug|iPhoneSimulator.ActiveCfg = Debug|iPhoneSimulator
		{4C3A14CD-A194-42EA-883E-83C024823FBE}.Debug|iPhoneSimulator.Build.0 = Debug|iPhoneSimulator
		{4C3A14CD-A194-42EA-883E-83C024823FBE}.Release|iPhoneSimulator.ActiveCfg = Release|iPhoneSimulator
		{4C3A14CD-A194-42EA-883E-83C024823FBE}.Release|iPhoneSimulator.Build.0 = Release|iPhoneSimulator
		{4C3A14CD-A194-42EA-883E-83C024823FBE}.Debug|iPhone.ActiveCfg = Debug|iPhone
		{4C3A14CD-A194-42EA-883E-83C024823FBE}.Debug|iPhone.Build.0 = Debug|iPhone
		{4C3A14CD-A194-42EA-883E-83C024823FBE}.Release|iPhone.ActiveCfg = Release|iPhone
		{4C3A14CD-A194-42EA-883E-83C024823FBE}.Release|iPhone.Build.0 = Release|iPhone
		{4C3A14CD-A194-42EA-883E-83C024823FBE}.Ad-Hoc|iPhone.ActiveCfg = Ad-Hoc|iPhone
		{4C3A14CD-A194-42EA-883E-83C024823FBE}.Ad-Hoc|iPhone.Build.0 = Ad-Hoc|iPhone
		{4C3A14CD-A194-42EA-883E-83C024823FBE}.AppStore|iPhone.ActiveCfg = AppStore|iPhone
		{4C3A14CD-A194-42EA-883E-83C024823FBE}.AppStore|iPhone.Build.0 = AppStore|iPhone
		{4B1B662A-EAE5-4496-A09E-CE3ADD0456E8}.Debug|Any CPU.ActiveCfg = Debug|Any CPU
		{4B1B662A-EAE5-4496-A09E-CE3ADD0456E8}.Debug|Any CPU.Build.0 = Debug|Any CPU
		{4B1B662A-EAE5-4496-A09E-CE3ADD0456E8}.Release|Any CPU.ActiveCfg = Release|Any CPU
		{4B1B662A-EAE5-4496-A09E-CE3ADD0456E8}.Release|Any CPU.Build.0 = Release|Any CPU
		{4B1B662A-EAE5-4496-A09E-CE3ADD0456E8}.Debug|iPhoneSimulator.ActiveCfg = Debug|Any CPU
		{4B1B662A-EAE5-4496-A09E-CE3ADD0456E8}.Debug|iPhoneSimulator.Build.0 = Debug|Any CPU
		{4B1B662A-EAE5-4496-A09E-CE3ADD0456E8}.Release|iPhoneSimulator.ActiveCfg = Release|Any CPU
		{4B1B662A-EAE5-4496-A09E-CE3ADD0456E8}.Release|iPhoneSimulator.Build.0 = Release|Any CPU
		{4B1B662A-EAE5-4496-A09E-CE3ADD0456E8}.Debug|iPhone.ActiveCfg = Debug|Any CPU
		{4B1B662A-EAE5-4496-A09E-CE3ADD0456E8}.Debug|iPhone.Build.0 = Debug|Any CPU
		{4B1B662A-EAE5-4496-A09E-CE3ADD0456E8}.Release|iPhone.ActiveCfg = Release|Any CPU
		{4B1B662A-EAE5-4496-A09E-CE3ADD0456E8}.Release|iPhone.Build.0 = Release|Any CPU
		{4B1B662A-EAE5-4496-A09E-CE3ADD0456E8}.Ad-Hoc|iPhone.ActiveCfg = Debug|Any CPU
		{4B1B662A-EAE5-4496-A09E-CE3ADD0456E8}.Ad-Hoc|iPhone.Build.0 = Debug|Any CPU
		{4B1B662A-EAE5-4496-A09E-CE3ADD0456E8}.AppStore|iPhone.ActiveCfg = Debug|Any CPU
		{4B1B662A-EAE5-4496-A09E-CE3ADD0456E8}.AppStore|iPhone.Build.0 = Debug|Any CPU
	EndGlobalSection
EndGlobal
